
Microsoft Visual Studio Solution File, Format Version 12.00
# Visual Studio 15
VisualStudioVersion = 15.0.27130.2010
MinimumVisualStudioVersion = 10.0.40219.1
Project("{2150E333-8FDC-42A3-9474-1A3956D46DE8}") = "Engine", "Engine", "{7E1C9394-58BF-4370-93F9-7B92346D7453}"
EndProject
Project("{2150E333-8FDC-42A3-9474-1A3956D46DE8}") = "Games", "Games", "{8EB0AD63-F2FF-4E1D-A8D4-ED09A02E2BF7}"
EndProject
Project("{8BC9CEB8-8B4A-11D0-8D11-00A0C91BC942}") = "UE4", "Intermediate\ProjectFiles\UE4.vcxproj", "{1C88AA23-2932-48CA-874D-202CA231A511}"
EndProject
Project("{8BC9CEB8-8B4A-11D0-8D11-00A0C91BC942}") = "EscapeRoom", "Intermediate\ProjectFiles\EscapeRoom.vcxproj", "{2768A06F-FE83-4BFC-B965-38F48B82B67D}"
EndProject
Global
	GlobalSection(SolutionConfigurationPlatforms) = preSolution
		DebugGame Editor|HTML5 = DebugGame Editor|HTML5
		DebugGame Editor|Win32 = DebugGame Editor|Win32
		DebugGame Editor|Win64 = DebugGame Editor|Win64
		DebugGame|HTML5 = DebugGame|HTML5
		DebugGame|Win32 = DebugGame|Win32
		DebugGame|Win64 = DebugGame|Win64
		Development Editor|HTML5 = Development Editor|HTML5
		Development Editor|Win32 = Development Editor|Win32
		Development Editor|Win64 = Development Editor|Win64
		Development|HTML5 = Development|HTML5
		Development|Win32 = Development|Win32
		Development|Win64 = Development|Win64
		Shipping|HTML5 = Shipping|HTML5
		Shipping|Win32 = Shipping|Win32
		Shipping|Win64 = Shipping|Win64
	EndGlobalSection
	GlobalSection(ProjectConfigurationPlatforms) = postSolution
		{1C88AA23-2932-48CA-874D-202CA231A511}.DebugGame Editor|HTML5.ActiveCfg = BuiltWithUnrealBuildTool|Win32
		{1C88AA23-2932-48CA-874D-202CA231A511}.DebugGame Editor|HTML5.Build.0 = BuiltWithUnrealBuildTool|Win32
		{1C88AA23-2932-48CA-874D-202CA231A511}.DebugGame Editor|Win32.ActiveCfg = BuiltWithUnrealBuildTool|Win32
		{1C88AA23-2932-48CA-874D-202CA231A511}.DebugGame Editor|Win32.Build.0 = BuiltWithUnrealBuildTool|Win32
		{1C88AA23-2932-48CA-874D-202CA231A511}.DebugGame Editor|Win64.ActiveCfg = BuiltWithUnrealBuildTool|Win32
		{1C88AA23-2932-48CA-874D-202CA231A511}.DebugGame Editor|Win64.Build.0 = BuiltWithUnrealBuildTool|Win32
		{1C88AA23-2932-48CA-874D-202CA231A511}.DebugGame|HTML5.ActiveCfg = BuiltWithUnrealBuildTool|Win32
		{1C88AA23-2932-48CA-874D-202CA231A511}.DebugGame|HTML5.Build.0 = BuiltWithUnrealBuildTool|Win32
		{1C88AA23-2932-48CA-874D-202CA231A511}.DebugGame|Win32.ActiveCfg = BuiltWithUnrealBuildTool|Win32
		{1C88AA23-2932-48CA-874D-202CA231A511}.DebugGame|Win32.Build.0 = BuiltWithUnrealBuildTool|Win32
		{1C88AA23-2932-48CA-874D-202CA231A511}.DebugGame|Win64.ActiveCfg = BuiltWithUnrealBuildTool|Win32
		{1C88AA23-2932-48CA-874D-202CA231A511}.DebugGame|Win64.Build.0 = BuiltWithUnrealBuildTool|Win32
		{1C88AA23-2932-48CA-874D-202CA231A511}.Development Editor|HTML5.ActiveCfg = BuiltWithUnrealBuildTool|Win32
		{1C88AA23-2932-48CA-874D-202CA231A511}.Development Editor|HTML5.Build.0 = BuiltWithUnrealBuildTool|Win32
		{1C88AA23-2932-48CA-874D-202CA231A511}.Development Editor|Win32.ActiveCfg = BuiltWithUnrealBuildTool|Win32
		{1C88AA23-2932-48CA-874D-202CA231A511}.Development Editor|Win32.Build.0 = BuiltWithUnrealBuildTool|Win32
		{1C88AA23-2932-48CA-874D-202CA231A511}.Development Editor|Win64.ActiveCfg = BuiltWithUnrealBuildTool|Win32
		{1C88AA23-2932-48CA-874D-202CA231A511}.Development Editor|Win64.Build.0 = BuiltWithUnrealBuildTool|Win32
		{1C88AA23-2932-48CA-874D-202CA231A511}.Development|HTML5.ActiveCfg = BuiltWithUnrealBuildTool|Win32
		{1C88AA23-2932-48CA-874D-202CA231A511}.Development|HTML5.Build.0 = BuiltWithUnrealBuildTool|Win32
		{1C88AA23-2932-48CA-874D-202CA231A511}.Development|Win32.ActiveCfg = BuiltWithUnrealBuildTool|Win32
		{1C88AA23-2932-48CA-874D-202CA231A511}.Development|Win32.Build.0 = BuiltWithUnrealBuildTool|Win32
		{1C88AA23-2932-48CA-874D-202CA231A511}.Development|Win64.ActiveCfg = BuiltWithUnrealBuildTool|Win32
		{1C88AA23-2932-48CA-874D-202CA231A511}.Development|Win64.Build.0 = BuiltWithUnrealBuildTool|Win32
		{1C88AA23-2932-48CA-874D-202CA231A511}.Shipping|HTML5.ActiveCfg = BuiltWithUnrealBuildTool|Win32
		{1C88AA23-2932-48CA-874D-202CA231A511}.Shipping|HTML5.Build.0 = BuiltWithUnrealBuildTool|Win32
		{1C88AA23-2932-48CA-874D-202CA231A511}.Shipping|Win32.ActiveCfg = BuiltWithUnrealBuildTool|Win32
		{1C88AA23-2932-48CA-874D-202CA231A511}.Shipping|Win32.Build.0 = BuiltWithUnrealBuildTool|Win32
		{1C88AA23-2932-48CA-874D-202CA231A511}.Shipping|Win64.ActiveCfg = BuiltWithUnrealBuildTool|Win32
		{1C88AA23-2932-48CA-874D-202CA231A511}.Shipping|Win64.Build.0 = BuiltWithUnrealBuildTool|Win32
		{2768A06F-FE83-4BFC-B965-38F48B82B67D}.DebugGame Editor|HTML5.ActiveCfg = HTML5_DebugGame_Editor|Win32
		{2768A06F-FE83-4BFC-B965-38F48B82B67D}.DebugGame Editor|Win32.ActiveCfg = DebugGame_Editor|Win32
		{2768A06F-FE83-4BFC-B965-38F48B82B67D}.DebugGame Editor|Win64.ActiveCfg = DebugGame_Editor|x64
		{2768A06F-FE83-4BFC-B965-38F48B82B67D}.DebugGame Editor|Win64.Build.0 = DebugGame_Editor|x64
		{2768A06F-FE83-4BFC-B965-38F48B82B67D}.DebugGame|HTML5.ActiveCfg = HTML5_DebugGame_Game|Win32
		{2768A06F-FE83-4BFC-B965-38F48B82B67D}.DebugGame|HTML5.Build.0 = HTML5_DebugGame_Game|Win32
		{2768A06F-FE83-4BFC-B965-38F48B82B67D}.DebugGame|Win32.ActiveCfg = DebugGame_Game|Win32
		{2768A06F-FE83-4BFC-B965-38F48B82B67D}.DebugGame|Win32.Build.0 = DebugGame_Game|Win32
		{2768A06F-FE83-4BFC-B965-38F48B82B67D}.DebugGame|Win64.ActiveCfg = DebugGame_Game|x64
		{2768A06F-FE83-4BFC-B965-38F48B82B67D}.DebugGame|Win64.Build.0 = DebugGame_Game|x64
		{2768A06F-FE83-4BFC-B965-38F48B82B67D}.Development Editor|HTML5.ActiveCfg = HTML5_Development_Editor|Win32
		{2768A06F-FE83-4BFC-B965-38F48B82B67D}.Development Editor|Win32.ActiveCfg = Development_Editor|Win32
		{2768A06F-FE83-4BFC-B965-38F48B82B67D}.Development Editor|Win64.ActiveCfg = Development_Editor|x64
		{2768A06F-FE83-4BFC-B965-38F48B82B67D}.Development Editor|Win64.Build.0 = Development_Editor|x64
		{2768A06F-FE83-4BFC-B965-38F48B82B67D}.Development|HTML5.ActiveCfg = HTML5_Development_Game|Win32
		{2768A06F-FE83-4BFC-B965-38F48B82B67D}.Development|HTML5.Build.0 = HTML5_Development_Game|Win32
		{2768A06F-FE83-4BFC-B965-38F48B82B67D}.Development|Win32.ActiveCfg = Development_Game|Win32
		{2768A06F-FE83-4BFC-B965-38F48B82B67D}.Development|Win32.Build.0 = Development_Game|Win32
		{2768A06F-FE83-4BFC-B965-38F48B82B67D}.Development|Win64.ActiveCfg = Development_Game|x64
		{2768A06F-FE83-4BFC-B965-38F48B82B67D}.Development|Win64.Build.0 = Development_Game|x64
		{2768A06F-FE83-4BFC-B965-38F48B82B67D}.Shipping|HTML5.ActiveCfg = HTML5_Shipping_Game|Win32
		{2768A06F-FE83-4BFC-B965-38F48B82B67D}.Shipping|HTML5.Build.0 = HTML5_Shipping_Game|Win32
		{2768A06F-FE83-4BFC-B965-38F48B82B67D}.Shipping|Win32.ActiveCfg = Shipping_Game|Win32
		{2768A06F-FE83-4BFC-B965-38F48B82B67D}.Shipping|Win32.Build.0 = Shipping_Game|Win32
		{2768A06F-FE83-4BFC-B965-38F48B82B67D}.Shipping|Win64.ActiveCfg = Shipping_Game|x64
		{2768A06F-FE83-4BFC-B965-38F48B82B67D}.Shipping|Win64.Build.0 = Shipping_Game|x64
	EndGlobalSection
	GlobalSection(SolutionProperties) = preSolution
		HideSolutionNode = FALSE
	EndGlobalSection
	GlobalSection(NestedProjects) = preSolution
		{1C88AA23-2932-48CA-874D-202CA231A511} = {7E1C9394-58BF-4370-93F9-7B92346D7453}
		{2768A06F-FE83-4BFC-B965-38F48B82B67D} = {8EB0AD63-F2FF-4E1D-A8D4-ED09A02E2BF7}
	EndGlobalSection
	GlobalSection(ExtensibilityGlobals) = postSolution
		SolutionGuid = {BD0BBD94-0C60-4951-AFF7-2FE7974E7837}
	EndGlobalSection
EndGlobal
